
Microsoft Visual Studio Solution File, Format Version 12.00
# Visual Studio Version 16
VisualStudioVersion = 16.0.31321.278
MinimumVisualStudioVersion = 10.0.40219.1
Project("{9A19103F-16F7-4668-BE54-9A1E7A4F7556}") = "UsingAnalyzers", "UsingAnalyzers\UsingAnalyzers.csproj", "{2ECAF7FA-0C26-49A7-92DD-28D72005D4DC}"
EndProject
Project("{9A19103F-16F7-4668-BE54-9A1E7A4F7556}") = "CslaAnalyzerDemo", "CslaAnalyzerDemo\CslaAnalyzerDemo.csproj", "{6DD94018-D570-44C0-8BEB-70D92255E68D}"
EndProject
Project("{2150E333-8FDC-42A3-9474-1A3956D46DE8}") = "Solution Items", "Solution Items", "{ADC5BE3B-7F0F-4E7D-B00E-9E30BE8AD384}"
	ProjectSection(SolutionItems) = preProject
		.editorconfig = .editorconfig
	EndProjectSection
EndProject
Global
	GlobalSection(SolutionConfigurationPlatforms) = preSolution
		Debug|Any CPU = Debug|Any CPU
		Release|Any CPU = Release|Any CPU
	EndGlobalSection
	GlobalSection(ProjectConfigurationPlatforms) = postSolution
		{2ECAF7FA-0C26-49A7-92DD-28D72005D4DC}.Debug|Any CPU.ActiveCfg = Debug|Any CPU
		{2ECAF7FA-0C26-49A7-92DD-28D72005D4DC}.Debug|Any CPU.Build.0 = Debug|Any CPU
		{2ECAF7FA-0C26-49A7-92DD-28D72005D4DC}.Release|Any CPU.ActiveCfg = Release|Any CPU
		{2ECAF7FA-0C26-49A7-92DD-28D72005D4DC}.Release|Any CPU.Build.0 = Release|Any CPU
		{6DD94018-D570-44C0-8BEB-70D92255E68D}.Debug|Any CPU.ActiveCfg = Debug|Any CPU
		{6DD94018-D570-44C0-8BEB-70D92255E68D}.Debug|Any CPU.Build.0 = Debug|Any CPU
		{6DD94018-D570-44C0-8BEB-70D92255E68D}.Release|Any CPU.ActiveCfg = Release|Any CPU
		{6DD94018-D570-44C0-8BEB-70D92255E68D}.Release|Any CPU.Build.0 = Release|Any CPU
	EndGlobalSection
	GlobalSection(SolutionProperties) = preSolution
		HideSolutionNode = FALSE
	EndGlobalSection
	GlobalSection(ExtensibilityGlobals) = postSolution
		SolutionGuid = {0013FC71-F579-4170-9B6B-50E574D7EBBA}
	EndGlobalSection
EndGlobal
