
Microsoft Visual Studio Solution File, Format Version 12.00
# Visual Studio 15
VisualStudioVersion = 15.0.27130.2027
MinimumVisualStudioVersion = 10.0.40219.1
Project("{FAE04EC0-301F-11D3-BF4B-00C04F79EFBC}") = "ZuneBug", "ZuneBug\ZuneBug.csproj", "{D1182C36-FBAB-40F4-8B8C-CEC0AB87ABAD}"
EndProject
Project("{FAE04EC0-301F-11D3-BF4B-00C04F79EFBC}") = "UsingAnalyzers", "UsingAnalyzers\UsingAnalyzers.csproj", "{2ECAF7FA-0C26-49A7-92DD-28D72005D4DC}"
EndProject
Project("{FAE04EC0-301F-11D3-BF4B-00C04F79EFBC}") = "CslaAnalyzerDemo", "CslaAnalyzerDemo\CslaAnalyzerDemo.csproj", "{6DD94018-D570-44C0-8BEB-70D92255E68D}"
EndProject
Global
	GlobalSection(SolutionConfigurationPlatforms) = preSolution
		Debug|Any CPU = Debug|Any CPU
		Release|Any CPU = Release|Any CPU
	EndGlobalSection
	GlobalSection(ProjectConfigurationPlatforms) = postSolution
		{D1182C36-FBAB-40F4-8B8C-CEC0AB87ABAD}.Debug|Any CPU.ActiveCfg = Debug|Any CPU
		{D1182C36-FBAB-40F4-8B8C-CEC0AB87ABAD}.Debug|Any CPU.Build.0 = Debug|Any CPU
		{D1182C36-FBAB-40F4-8B8C-CEC0AB87ABAD}.Release|Any CPU.ActiveCfg = Release|Any CPU
		{D1182C36-FBAB-40F4-8B8C-CEC0AB87ABAD}.Release|Any CPU.Build.0 = Release|Any CPU
		{2ECAF7FA-0C26-49A7-92DD-28D72005D4DC}.Debug|Any CPU.ActiveCfg = Debug|Any CPU
		{2ECAF7FA-0C26-49A7-92DD-28D72005D4DC}.Debug|Any CPU.Build.0 = Debug|Any CPU
		{2ECAF7FA-0C26-49A7-92DD-28D72005D4DC}.Release|Any CPU.ActiveCfg = Release|Any CPU
		{2ECAF7FA-0C26-49A7-92DD-28D72005D4DC}.Release|Any CPU.Build.0 = Release|Any CPU
		{6DD94018-D570-44C0-8BEB-70D92255E68D}.Debug|Any CPU.ActiveCfg = Debug|Any CPU
		{6DD94018-D570-44C0-8BEB-70D92255E68D}.Debug|Any CPU.Build.0 = Debug|Any CPU
		{6DD94018-D570-44C0-8BEB-70D92255E68D}.Release|Any CPU.ActiveCfg = Release|Any CPU
		{6DD94018-D570-44C0-8BEB-70D92255E68D}.Release|Any CPU.Build.0 = Release|Any CPU
	EndGlobalSection
	GlobalSection(SolutionProperties) = preSolution
		HideSolutionNode = FALSE
	EndGlobalSection
	GlobalSection(ExtensibilityGlobals) = postSolution
		SolutionGuid = {0013FC71-F579-4170-9B6B-50E574D7EBBA}
	EndGlobalSection
EndGlobal
